
Microsoft Visual Studio Solution File, Format Version 12.00
# Visual Studio Version 17
VisualStudioVersion = 17.5.33516.290
MinimumVisualStudioVersion = 10.0.40219.1
Project("{FAE04EC0-301F-11D3-BF4B-00C04F79EFBC}") = "LatihanP4", "LatihanP4\LatihanP4.csproj", "{2A372356-E774-4238-9948-D38D250EB5C4}"
EndProject
Global
	GlobalSection(SolutionConfigurationPlatforms) = preSolution
		Debug|Any CPU = Debug|Any CPU
		Release|Any CPU = Release|Any CPU
	EndGlobalSection
	GlobalSection(ProjectConfigurationPlatforms) = postSolution
		{2A372356-E774-4238-9948-D38D250EB5C4}.Debug|Any CPU.ActiveCfg = Debug|Any CPU
		{2A372356-E774-4238-9948-D38D250EB5C4}.Debug|Any CPU.Build.0 = Debug|Any CPU
		{2A372356-E774-4238-9948-D38D250EB5C4}.Release|Any CPU.ActiveCfg = Release|Any CPU
		{2A372356-E774-4238-9948-D38D250EB5C4}.Release|Any CPU.Build.0 = Release|Any CPU
	EndGlobalSection
	GlobalSection(SolutionProperties) = preSolution
		HideSolutionNode = FALSE
	EndGlobalSection
	GlobalSection(ExtensibilityGlobals) = postSolution
		SolutionGuid = {92B164DE-685B-4B2F-903A-5946CF4F9227}
	EndGlobalSection
EndGlobal
